
Microsoft Visual Studio Solution File, Format Version 12.00
# Visual Studio Version 17
VisualStudioVersion = 17.5.33516.290
MinimumVisualStudioVersion = 10.0.40219.1
Project("{FAE04EC0-301F-11D3-BF4B-00C04F79EFBC}") = "hw_2023.07.1", "hw_2023.07.1\hw_2023.07.1.csproj", "{474FDBF8-DF8F-4D40-B505-AFB47AEA085E}"
EndProject
Global
	GlobalSection(SolutionConfigurationPlatforms) = preSolution
		Debug|Any CPU = Debug|Any CPU
		Release|Any CPU = Release|Any CPU
	EndGlobalSection
	GlobalSection(ProjectConfigurationPlatforms) = postSolution
		{474FDBF8-DF8F-4D40-B505-AFB47AEA085E}.Debug|Any CPU.ActiveCfg = Debug|Any CPU
		{474FDBF8-DF8F-4D40-B505-AFB47AEA085E}.Debug|Any CPU.Build.0 = Debug|Any CPU
		{474FDBF8-DF8F-4D40-B505-AFB47AEA085E}.Release|Any CPU.ActiveCfg = Release|Any CPU
		{474FDBF8-DF8F-4D40-B505-AFB47AEA085E}.Release|Any CPU.Build.0 = Release|Any CPU
	EndGlobalSection
	GlobalSection(SolutionProperties) = preSolution
		HideSolutionNode = FALSE
	EndGlobalSection
	GlobalSection(ExtensibilityGlobals) = postSolution
		SolutionGuid = {0B29B59E-84A4-4728-969E-8475194D4360}
	EndGlobalSection
EndGlobal
